
Microsoft Visual Studio Solution File, Format Version 12.00
# Visual Studio 15
VisualStudioVersion = 15.0.26430.13
MinimumVisualStudioVersion = 10.0.40219.1
Project("{FAE04EC0-301F-11D3-BF4B-00C04F79EFBC}") = "01.RemoveNegativesAndReverse", "01.RemoveNegativesAndReverse\01.RemoveNegativesAndReverse.csproj", "{5B064A65-F980-4E25-A73E-61576F357209}"
EndProject
Project("{FAE04EC0-301F-11D3-BF4B-00C04F79EFBC}") = "02.AppendLists", "02.AppendLists\02.AppendLists.csproj", "{B2CACA15-1EA1-49E0-866F-EC0B2C80B009}"
EndProject
Project("{FAE04EC0-301F-11D3-BF4B-00C04F79EFBC}") = "03.SumAdjacentEqualNumbers", "03.SumAdjacentEqualNumbers\03.SumAdjacentEqualNumbers.csproj", "{54A1B083-DCBE-4D34-93F2-0C837A411E2F}"
EndProject
Project("{FAE04EC0-301F-11D3-BF4B-00C04F79EFBC}") = "04.SplitByWordCasing", "04.SplitByWordCasing\04.SplitByWordCasing.csproj", "{DABC07D8-3777-4571-80ED-3C2EBB1D2B50}"
EndProject
Project("{FAE04EC0-301F-11D3-BF4B-00C04F79EFBC}") = "05.SortNumbers", "05.SortNumbers\05.SortNumbers.csproj", "{AC43FFEF-D58A-4B40-880A-4DD58FCAD6B1}"
EndProject
Project("{FAE04EC0-301F-11D3-BF4B-00C04F79EFBC}") = "06.SquareNumbers", "06.SquareNumbers\06.SquareNumbers.csproj", "{DAD70D2B-2222-4FD3-8384-430528B99925}"
EndProject
Project("{FAE04EC0-301F-11D3-BF4B-00C04F79EFBC}") = "07.CountNumbers", "07.CountNumbers\07.CountNumbers.csproj", "{372D7C74-783F-4A7C-9141-4122C371447E}"
EndProject
Global
	GlobalSection(SolutionConfigurationPlatforms) = preSolution
		Debug|Any CPU = Debug|Any CPU
		Release|Any CPU = Release|Any CPU
	EndGlobalSection
	GlobalSection(ProjectConfigurationPlatforms) = postSolution
		{5B064A65-F980-4E25-A73E-61576F357209}.Debug|Any CPU.ActiveCfg = Debug|Any CPU
		{5B064A65-F980-4E25-A73E-61576F357209}.Debug|Any CPU.Build.0 = Debug|Any CPU
		{5B064A65-F980-4E25-A73E-61576F357209}.Release|Any CPU.ActiveCfg = Release|Any CPU
		{5B064A65-F980-4E25-A73E-61576F357209}.Release|Any CPU.Build.0 = Release|Any CPU
		{B2CACA15-1EA1-49E0-866F-EC0B2C80B009}.Debug|Any CPU.ActiveCfg = Debug|Any CPU
		{B2CACA15-1EA1-49E0-866F-EC0B2C80B009}.Debug|Any CPU.Build.0 = Debug|Any CPU
		{B2CACA15-1EA1-49E0-866F-EC0B2C80B009}.Release|Any CPU.ActiveCfg = Release|Any CPU
		{B2CACA15-1EA1-49E0-866F-EC0B2C80B009}.Release|Any CPU.Build.0 = Release|Any CPU
		{54A1B083-DCBE-4D34-93F2-0C837A411E2F}.Debug|Any CPU.ActiveCfg = Debug|Any CPU
		{54A1B083-DCBE-4D34-93F2-0C837A411E2F}.Debug|Any CPU.Build.0 = Debug|Any CPU
		{54A1B083-DCBE-4D34-93F2-0C837A411E2F}.Release|Any CPU.ActiveCfg = Release|Any CPU
		{54A1B083-DCBE-4D34-93F2-0C837A411E2F}.Release|Any CPU.Build.0 = Release|Any CPU
		{DABC07D8-3777-4571-80ED-3C2EBB1D2B50}.Debug|Any CPU.ActiveCfg = Debug|Any CPU
		{DABC07D8-3777-4571-80ED-3C2EBB1D2B50}.Debug|Any CPU.Build.0 = Debug|Any CPU
		{DABC07D8-3777-4571-80ED-3C2EBB1D2B50}.Release|Any CPU.ActiveCfg = Release|Any CPU
		{DABC07D8-3777-4571-80ED-3C2EBB1D2B50}.Release|Any CPU.Build.0 = Release|Any CPU
		{AC43FFEF-D58A-4B40-880A-4DD58FCAD6B1}.Debug|Any CPU.ActiveCfg = Debug|Any CPU
		{AC43FFEF-D58A-4B40-880A-4DD58FCAD6B1}.Debug|Any CPU.Build.0 = Debug|Any CPU
		{AC43FFEF-D58A-4B40-880A-4DD58FCAD6B1}.Release|Any CPU.ActiveCfg = Release|Any CPU
		{AC43FFEF-D58A-4B40-880A-4DD58FCAD6B1}.Release|Any CPU.Build.0 = Release|Any CPU
		{DAD70D2B-2222-4FD3-8384-430528B99925}.Debug|Any CPU.ActiveCfg = Debug|Any CPU
		{DAD70D2B-2222-4FD3-8384-430528B99925}.Debug|Any CPU.Build.0 = Debug|Any CPU
		{DAD70D2B-2222-4FD3-8384-430528B99925}.Release|Any CPU.ActiveCfg = Release|Any CPU
		{DAD70D2B-2222-4FD3-8384-430528B99925}.Release|Any CPU.Build.0 = Release|Any CPU
		{372D7C74-783F-4A7C-9141-4122C371447E}.Debug|Any CPU.ActiveCfg = Debug|Any CPU
		{372D7C74-783F-4A7C-9141-4122C371447E}.Debug|Any CPU.Build.0 = Debug|Any CPU
		{372D7C74-783F-4A7C-9141-4122C371447E}.Release|Any CPU.ActiveCfg = Release|Any CPU
		{372D7C74-783F-4A7C-9141-4122C371447E}.Release|Any CPU.Build.0 = Release|Any CPU
	EndGlobalSection
	GlobalSection(SolutionProperties) = preSolution
		HideSolutionNode = FALSE
	EndGlobalSection
EndGlobal
