
Microsoft Visual Studio Solution File, Format Version 12.00
# Visual Studio 15
VisualStudioVersion = 15.0.26430.15
MinimumVisualStudioVersion = 10.0.40219.1
Project("{FAE04EC0-301F-11D3-BF4B-00C04F79EFBC}") = "01.Phonebook", "01.Phonebook\01.Phonebook.csproj", "{BF5ACCC8-B414-401C-8C4D-8AACFD37CCB6}"
EndProject
Project("{FAE04EC0-301F-11D3-BF4B-00C04F79EFBC}") = "02.PhonebookUpgrade", "02.PhonebookUpgrade\02.PhonebookUpgrade.csproj", "{A1967758-51FB-4377-8C30-AB20F9955ECD}"
EndProject
Project("{FAE04EC0-301F-11D3-BF4B-00C04F79EFBC}") = "03.MinesTask", "03.MinesTask\03.MinesTask.csproj", "{A0B4C5F2-B83C-44D9-8637-6D2858CAB545}"
EndProject
Project("{FAE04EC0-301F-11D3-BF4B-00C04F79EFBC}") = "04.FixEmails", "04.FixEmails\04.FixEmails.csproj", "{74125BAF-1DA3-4649-85DC-2FE2D8C21185}"
EndProject
Project("{FAE04EC0-301F-11D3-BF4B-00C04F79EFBC}") = "05.HandsOfCards", "05.HandsOfCards\05.HandsOfCards.csproj", "{9394DB11-B93A-44B5-95D0-33D47BE29A69}"
EndProject
Project("{FAE04EC0-301F-11D3-BF4B-00C04F79EFBC}") = "06.UserLogs", "06.UserLogs\06.UserLogs.csproj", "{D8D6F50F-F875-409C-B81E-D52391D491CE}"
EndProject
Project("{FAE04EC0-301F-11D3-BF4B-00C04F79EFBC}") = "07.PopulationCount", "07.PopulationCount\07.PopulationCount.csproj", "{07D9C5DE-21B0-4671-805B-BB92839D8DD3}"
EndProject
Project("{FAE04EC0-301F-11D3-BF4B-00C04F79EFBC}") = "08.LogsAggregator", "08.LogsAggregator\08.LogsAggregator.csproj", "{FC04EAC6-EDAF-4085-A748-110ADDBA073B}"
EndProject
Project("{FAE04EC0-301F-11D3-BF4B-00C04F79EFBC}") = "09.LegendaryFarming", "09.LegendaryFarming\09.LegendaryFarming.csproj", "{D51FBBAF-4BB5-4CC5-871C-BF285B11BAA2}"
EndProject
Project("{FAE04EC0-301F-11D3-BF4B-00C04F79EFBC}") = "10.SerbianUnleashed", "10.SerbianUnleashed\10.SerbianUnleashed.csproj", "{AD4C45C1-2B58-46CA-B8A5-0DE1083E471B}"
EndProject
Project("{FAE04EC0-301F-11D3-BF4B-00C04F79EFBC}") = "11.DragonArmy", "11.DragonArmy\11.DragonArmy.csproj", "{46D83C7C-5336-4A73-883D-F33F5D726BC6}"
EndProject
Global
	GlobalSection(SolutionConfigurationPlatforms) = preSolution
		Debug|Any CPU = Debug|Any CPU
		Release|Any CPU = Release|Any CPU
	EndGlobalSection
	GlobalSection(ProjectConfigurationPlatforms) = postSolution
		{BF5ACCC8-B414-401C-8C4D-8AACFD37CCB6}.Debug|Any CPU.ActiveCfg = Debug|Any CPU
		{BF5ACCC8-B414-401C-8C4D-8AACFD37CCB6}.Debug|Any CPU.Build.0 = Debug|Any CPU
		{BF5ACCC8-B414-401C-8C4D-8AACFD37CCB6}.Release|Any CPU.ActiveCfg = Release|Any CPU
		{BF5ACCC8-B414-401C-8C4D-8AACFD37CCB6}.Release|Any CPU.Build.0 = Release|Any CPU
		{A1967758-51FB-4377-8C30-AB20F9955ECD}.Debug|Any CPU.ActiveCfg = Debug|Any CPU
		{A1967758-51FB-4377-8C30-AB20F9955ECD}.Debug|Any CPU.Build.0 = Debug|Any CPU
		{A1967758-51FB-4377-8C30-AB20F9955ECD}.Release|Any CPU.ActiveCfg = Release|Any CPU
		{A1967758-51FB-4377-8C30-AB20F9955ECD}.Release|Any CPU.Build.0 = Release|Any CPU
		{A0B4C5F2-B83C-44D9-8637-6D2858CAB545}.Debug|Any CPU.ActiveCfg = Debug|Any CPU
		{A0B4C5F2-B83C-44D9-8637-6D2858CAB545}.Debug|Any CPU.Build.0 = Debug|Any CPU
		{A0B4C5F2-B83C-44D9-8637-6D2858CAB545}.Release|Any CPU.ActiveCfg = Release|Any CPU
		{A0B4C5F2-B83C-44D9-8637-6D2858CAB545}.Release|Any CPU.Build.0 = Release|Any CPU
		{74125BAF-1DA3-4649-85DC-2FE2D8C21185}.Debug|Any CPU.ActiveCfg = Debug|Any CPU
		{74125BAF-1DA3-4649-85DC-2FE2D8C21185}.Debug|Any CPU.Build.0 = Debug|Any CPU
		{74125BAF-1DA3-4649-85DC-2FE2D8C21185}.Release|Any CPU.ActiveCfg = Release|Any CPU
		{74125BAF-1DA3-4649-85DC-2FE2D8C21185}.Release|Any CPU.Build.0 = Release|Any CPU
		{9394DB11-B93A-44B5-95D0-33D47BE29A69}.Debug|Any CPU.ActiveCfg = Debug|Any CPU
		{9394DB11-B93A-44B5-95D0-33D47BE29A69}.Debug|Any CPU.Build.0 = Debug|Any CPU
		{9394DB11-B93A-44B5-95D0-33D47BE29A69}.Release|Any CPU.ActiveCfg = Release|Any CPU
		{9394DB11-B93A-44B5-95D0-33D47BE29A69}.Release|Any CPU.Build.0 = Release|Any CPU
		{D8D6F50F-F875-409C-B81E-D52391D491CE}.Debug|Any CPU.ActiveCfg = Debug|Any CPU
		{D8D6F50F-F875-409C-B81E-D52391D491CE}.Debug|Any CPU.Build.0 = Debug|Any CPU
		{D8D6F50F-F875-409C-B81E-D52391D491CE}.Release|Any CPU.ActiveCfg = Release|Any CPU
		{D8D6F50F-F875-409C-B81E-D52391D491CE}.Release|Any CPU.Build.0 = Release|Any CPU
		{07D9C5DE-21B0-4671-805B-BB92839D8DD3}.Debug|Any CPU.ActiveCfg = Debug|Any CPU
		{07D9C5DE-21B0-4671-805B-BB92839D8DD3}.Debug|Any CPU.Build.0 = Debug|Any CPU
		{07D9C5DE-21B0-4671-805B-BB92839D8DD3}.Release|Any CPU.ActiveCfg = Release|Any CPU
		{07D9C5DE-21B0-4671-805B-BB92839D8DD3}.Release|Any CPU.Build.0 = Release|Any CPU
		{FC04EAC6-EDAF-4085-A748-110ADDBA073B}.Debug|Any CPU.ActiveCfg = Debug|Any CPU
		{FC04EAC6-EDAF-4085-A748-110ADDBA073B}.Debug|Any CPU.Build.0 = Debug|Any CPU
		{FC04EAC6-EDAF-4085-A748-110ADDBA073B}.Release|Any CPU.ActiveCfg = Release|Any CPU
		{FC04EAC6-EDAF-4085-A748-110ADDBA073B}.Release|Any CPU.Build.0 = Release|Any CPU
		{D51FBBAF-4BB5-4CC5-871C-BF285B11BAA2}.Debug|Any CPU.ActiveCfg = Debug|Any CPU
		{D51FBBAF-4BB5-4CC5-871C-BF285B11BAA2}.Debug|Any CPU.Build.0 = Debug|Any CPU
		{D51FBBAF-4BB5-4CC5-871C-BF285B11BAA2}.Release|Any CPU.ActiveCfg = Release|Any CPU
		{D51FBBAF-4BB5-4CC5-871C-BF285B11BAA2}.Release|Any CPU.Build.0 = Release|Any CPU
		{AD4C45C1-2B58-46CA-B8A5-0DE1083E471B}.Debug|Any CPU.ActiveCfg = Debug|Any CPU
		{AD4C45C1-2B58-46CA-B8A5-0DE1083E471B}.Debug|Any CPU.Build.0 = Debug|Any CPU
		{AD4C45C1-2B58-46CA-B8A5-0DE1083E471B}.Release|Any CPU.ActiveCfg = Release|Any CPU
		{AD4C45C1-2B58-46CA-B8A5-0DE1083E471B}.Release|Any CPU.Build.0 = Release|Any CPU
		{46D83C7C-5336-4A73-883D-F33F5D726BC6}.Debug|Any CPU.ActiveCfg = Debug|Any CPU
		{46D83C7C-5336-4A73-883D-F33F5D726BC6}.Debug|Any CPU.Build.0 = Debug|Any CPU
		{46D83C7C-5336-4A73-883D-F33F5D726BC6}.Release|Any CPU.ActiveCfg = Release|Any CPU
		{46D83C7C-5336-4A73-883D-F33F5D726BC6}.Release|Any CPU.Build.0 = Release|Any CPU
	EndGlobalSection
	GlobalSection(SolutionProperties) = preSolution
		HideSolutionNode = FALSE
	EndGlobalSection
EndGlobal
