
Microsoft Visual Studio Solution File, Format Version 12.00
# Visual Studio 15
VisualStudioVersion = 15.0.26430.16
MinimumVisualStudioVersion = 10.0.40219.1
Project("{FAE04EC0-301F-11D3-BF4B-00C04F79EFBC}") = "01.SplinterTrip", "01.SplinterTrip\01.SplinterTrip.csproj", "{FF5D1BC6-92B6-401B-B489-2506C138E72F}"
EndProject
Project("{FAE04EC0-301F-11D3-BF4B-00C04F79EFBC}") = "02.SpyGram", "02.SpyGram\02.SpyGram.csproj", "{B8BB774C-BA65-4FD2-91CE-787D05E20E18}"
EndProject
Project("{FAE04EC0-301F-11D3-BF4B-00C04F79EFBC}") = "03.Spyfer", "03.Spyfer\03.Spyfer.csproj", "{C05D0ABF-6BFC-4D93-99AB-37BA342E1E59}"
EndProject
Project("{FAE04EC0-301F-11D3-BF4B-00C04F79EFBC}") = "04.NSA", "04.NSA\04.NSA.csproj", "{51E0EA47-E9E1-4AA5-AE89-8BED3385FFCD}"
EndProject
Global
	GlobalSection(SolutionConfigurationPlatforms) = preSolution
		Debug|Any CPU = Debug|Any CPU
		Release|Any CPU = Release|Any CPU
	EndGlobalSection
	GlobalSection(ProjectConfigurationPlatforms) = postSolution
		{FF5D1BC6-92B6-401B-B489-2506C138E72F}.Debug|Any CPU.ActiveCfg = Debug|Any CPU
		{FF5D1BC6-92B6-401B-B489-2506C138E72F}.Debug|Any CPU.Build.0 = Debug|Any CPU
		{FF5D1BC6-92B6-401B-B489-2506C138E72F}.Release|Any CPU.ActiveCfg = Release|Any CPU
		{FF5D1BC6-92B6-401B-B489-2506C138E72F}.Release|Any CPU.Build.0 = Release|Any CPU
		{B8BB774C-BA65-4FD2-91CE-787D05E20E18}.Debug|Any CPU.ActiveCfg = Debug|Any CPU
		{B8BB774C-BA65-4FD2-91CE-787D05E20E18}.Debug|Any CPU.Build.0 = Debug|Any CPU
		{B8BB774C-BA65-4FD2-91CE-787D05E20E18}.Release|Any CPU.ActiveCfg = Release|Any CPU
		{B8BB774C-BA65-4FD2-91CE-787D05E20E18}.Release|Any CPU.Build.0 = Release|Any CPU
		{C05D0ABF-6BFC-4D93-99AB-37BA342E1E59}.Debug|Any CPU.ActiveCfg = Debug|Any CPU
		{C05D0ABF-6BFC-4D93-99AB-37BA342E1E59}.Debug|Any CPU.Build.0 = Debug|Any CPU
		{C05D0ABF-6BFC-4D93-99AB-37BA342E1E59}.Release|Any CPU.ActiveCfg = Release|Any CPU
		{C05D0ABF-6BFC-4D93-99AB-37BA342E1E59}.Release|Any CPU.Build.0 = Release|Any CPU
		{51E0EA47-E9E1-4AA5-AE89-8BED3385FFCD}.Debug|Any CPU.ActiveCfg = Debug|Any CPU
		{51E0EA47-E9E1-4AA5-AE89-8BED3385FFCD}.Debug|Any CPU.Build.0 = Debug|Any CPU
		{51E0EA47-E9E1-4AA5-AE89-8BED3385FFCD}.Release|Any CPU.ActiveCfg = Release|Any CPU
		{51E0EA47-E9E1-4AA5-AE89-8BED3385FFCD}.Release|Any CPU.Build.0 = Release|Any CPU
	EndGlobalSection
	GlobalSection(SolutionProperties) = preSolution
		HideSolutionNode = FALSE
	EndGlobalSection
EndGlobal
