
Microsoft Visual Studio Solution File, Format Version 12.00
# Visual Studio 15
VisualStudioVersion = 15.0.26430.16
MinimumVisualStudioVersion = 10.0.40219.1
Project("{FAE04EC0-301F-11D3-BF4B-00C04F79EFBC}") = "01.SweetDesert", "01.SweetDesert\01.SweetDesert.csproj", "{B86CD939-15D2-4C5F-A265-066AAFD897E4}"
EndProject
Project("{FAE04EC0-301F-11D3-BF4B-00C04F79EFBC}") = "02.ArrayManipulator", "02.ArrayManipulator\02.ArrayManipulator.csproj", "{38466501-DD1C-49C9-989D-27534F2A6DA7}"
EndProject
Project("{FAE04EC0-301F-11D3-BF4B-00C04F79EFBC}") = "03.FootballLeague", "03.FootballLeague\03.FootballLeague.csproj", "{A7E29425-CB5F-4CE9-9BFA-930E054EA00F}"
EndProject
Project("{FAE04EC0-301F-11D3-BF4B-00C04F79EFBC}") = "04.CubicMessages", "04.CubicMessages\04.CubicMessages.csproj", "{38310017-837D-457A-996F-4632283D5770}"
EndProject
Global
	GlobalSection(SolutionConfigurationPlatforms) = preSolution
		Debug|Any CPU = Debug|Any CPU
		Release|Any CPU = Release|Any CPU
	EndGlobalSection
	GlobalSection(ProjectConfigurationPlatforms) = postSolution
		{B86CD939-15D2-4C5F-A265-066AAFD897E4}.Debug|Any CPU.ActiveCfg = Debug|Any CPU
		{B86CD939-15D2-4C5F-A265-066AAFD897E4}.Debug|Any CPU.Build.0 = Debug|Any CPU
		{B86CD939-15D2-4C5F-A265-066AAFD897E4}.Release|Any CPU.ActiveCfg = Release|Any CPU
		{B86CD939-15D2-4C5F-A265-066AAFD897E4}.Release|Any CPU.Build.0 = Release|Any CPU
		{38466501-DD1C-49C9-989D-27534F2A6DA7}.Debug|Any CPU.ActiveCfg = Debug|Any CPU
		{38466501-DD1C-49C9-989D-27534F2A6DA7}.Debug|Any CPU.Build.0 = Debug|Any CPU
		{38466501-DD1C-49C9-989D-27534F2A6DA7}.Release|Any CPU.ActiveCfg = Release|Any CPU
		{38466501-DD1C-49C9-989D-27534F2A6DA7}.Release|Any CPU.Build.0 = Release|Any CPU
		{A7E29425-CB5F-4CE9-9BFA-930E054EA00F}.Debug|Any CPU.ActiveCfg = Debug|Any CPU
		{A7E29425-CB5F-4CE9-9BFA-930E054EA00F}.Debug|Any CPU.Build.0 = Debug|Any CPU
		{A7E29425-CB5F-4CE9-9BFA-930E054EA00F}.Release|Any CPU.ActiveCfg = Release|Any CPU
		{A7E29425-CB5F-4CE9-9BFA-930E054EA00F}.Release|Any CPU.Build.0 = Release|Any CPU
		{38310017-837D-457A-996F-4632283D5770}.Debug|Any CPU.ActiveCfg = Debug|Any CPU
		{38310017-837D-457A-996F-4632283D5770}.Debug|Any CPU.Build.0 = Debug|Any CPU
		{38310017-837D-457A-996F-4632283D5770}.Release|Any CPU.ActiveCfg = Release|Any CPU
		{38310017-837D-457A-996F-4632283D5770}.Release|Any CPU.Build.0 = Release|Any CPU
	EndGlobalSection
	GlobalSection(SolutionProperties) = preSolution
		HideSolutionNode = FALSE
	EndGlobalSection
EndGlobal
