
Microsoft Visual Studio Solution File, Format Version 12.00
# Visual Studio 15
VisualStudioVersion = 15.0.26730.10
MinimumVisualStudioVersion = 10.0.40219.1
Project("{FAE04EC0-301F-11D3-BF4B-00C04F79EFBC}") = "01.CountWorkingDays", "01.CountWorkingDays\01.CountWorkingDays.csproj", "{B8579B49-F448-48E7-970D-895E13A9C6E6}"
EndProject
Project("{FAE04EC0-301F-11D3-BF4B-00C04F79EFBC}") = "02.AdvertisementMessage", "02.AdvertisementMessage\02.AdvertisementMessage.csproj", "{E293CED7-28CD-4A2D-A054-9F8F1D9E243A}"
EndProject
Project("{FAE04EC0-301F-11D3-BF4B-00C04F79EFBC}") = "03.IntersectionOfCircles", "03.IntersectionOfCircles\03.IntersectionOfCircles.csproj", "{0987C1C9-C274-4B96-B1D7-0AB6CF8A416D}"
EndProject
Project("{FAE04EC0-301F-11D3-BF4B-00C04F79EFBC}") = "04.AverageGrades", "04.AverageGrades\04.AverageGrades.csproj", "{411AAF69-DD47-478C-8BA0-2DD974B6262A}"
EndProject
Project("{FAE04EC0-301F-11D3-BF4B-00C04F79EFBC}") = "05.BookLibrary", "05.BookLibrary\05.BookLibrary.csproj", "{2518FE99-DBDE-4ED9-83C2-610588C0593A}"
EndProject
Project("{FAE04EC0-301F-11D3-BF4B-00C04F79EFBC}") = "06.BookLibraryModification", "06.BookLibraryModification\06.BookLibraryModification.csproj", "{F80CBB42-2627-4C91-89DE-7588A312B7AB}"
EndProject
Project("{FAE04EC0-301F-11D3-BF4B-00C04F79EFBC}") = "07.AndrewAndBilliard", "07.AndrewAndBilliard\07.AndrewAndBilliard.csproj", "{0988432F-B769-4591-994A-732020C8249C}"
EndProject
Project("{FAE04EC0-301F-11D3-BF4B-00C04F79EFBC}") = "08.MentorGroup", "08.MentorGroup\08.MentorGroup.csproj", "{B0D8B913-54AC-4749-8EB1-03D2E2CFBE07}"
EndProject
Project("{FAE04EC0-301F-11D3-BF4B-00C04F79EFBC}") = "09.TeamworkProjects", "09.TeamworkProjects\09.TeamworkProjects.csproj", "{E251BCF5-AC52-4962-B23E-D982FFA1707F}"
EndProject
Project("{FAE04EC0-301F-11D3-BF4B-00C04F79EFBC}") = "10.StudentGroups", "10.StudentGroups\10.StudentGroups.csproj", "{0AE9A697-5BFC-4859-8DAA-4C322600C9AF}"
EndProject
Global
	GlobalSection(SolutionConfigurationPlatforms) = preSolution
		Debug|Any CPU = Debug|Any CPU
		Release|Any CPU = Release|Any CPU
	EndGlobalSection
	GlobalSection(ProjectConfigurationPlatforms) = postSolution
		{B8579B49-F448-48E7-970D-895E13A9C6E6}.Debug|Any CPU.ActiveCfg = Debug|Any CPU
		{B8579B49-F448-48E7-970D-895E13A9C6E6}.Debug|Any CPU.Build.0 = Debug|Any CPU
		{B8579B49-F448-48E7-970D-895E13A9C6E6}.Release|Any CPU.ActiveCfg = Release|Any CPU
		{B8579B49-F448-48E7-970D-895E13A9C6E6}.Release|Any CPU.Build.0 = Release|Any CPU
		{E293CED7-28CD-4A2D-A054-9F8F1D9E243A}.Debug|Any CPU.ActiveCfg = Debug|Any CPU
		{E293CED7-28CD-4A2D-A054-9F8F1D9E243A}.Debug|Any CPU.Build.0 = Debug|Any CPU
		{E293CED7-28CD-4A2D-A054-9F8F1D9E243A}.Release|Any CPU.ActiveCfg = Release|Any CPU
		{E293CED7-28CD-4A2D-A054-9F8F1D9E243A}.Release|Any CPU.Build.0 = Release|Any CPU
		{0987C1C9-C274-4B96-B1D7-0AB6CF8A416D}.Debug|Any CPU.ActiveCfg = Debug|Any CPU
		{0987C1C9-C274-4B96-B1D7-0AB6CF8A416D}.Debug|Any CPU.Build.0 = Debug|Any CPU
		{0987C1C9-C274-4B96-B1D7-0AB6CF8A416D}.Release|Any CPU.ActiveCfg = Release|Any CPU
		{0987C1C9-C274-4B96-B1D7-0AB6CF8A416D}.Release|Any CPU.Build.0 = Release|Any CPU
		{411AAF69-DD47-478C-8BA0-2DD974B6262A}.Debug|Any CPU.ActiveCfg = Debug|Any CPU
		{411AAF69-DD47-478C-8BA0-2DD974B6262A}.Debug|Any CPU.Build.0 = Debug|Any CPU
		{411AAF69-DD47-478C-8BA0-2DD974B6262A}.Release|Any CPU.ActiveCfg = Release|Any CPU
		{411AAF69-DD47-478C-8BA0-2DD974B6262A}.Release|Any CPU.Build.0 = Release|Any CPU
		{2518FE99-DBDE-4ED9-83C2-610588C0593A}.Debug|Any CPU.ActiveCfg = Debug|Any CPU
		{2518FE99-DBDE-4ED9-83C2-610588C0593A}.Debug|Any CPU.Build.0 = Debug|Any CPU
		{2518FE99-DBDE-4ED9-83C2-610588C0593A}.Release|Any CPU.ActiveCfg = Release|Any CPU
		{2518FE99-DBDE-4ED9-83C2-610588C0593A}.Release|Any CPU.Build.0 = Release|Any CPU
		{F80CBB42-2627-4C91-89DE-7588A312B7AB}.Debug|Any CPU.ActiveCfg = Debug|Any CPU
		{F80CBB42-2627-4C91-89DE-7588A312B7AB}.Debug|Any CPU.Build.0 = Debug|Any CPU
		{F80CBB42-2627-4C91-89DE-7588A312B7AB}.Release|Any CPU.ActiveCfg = Release|Any CPU
		{F80CBB42-2627-4C91-89DE-7588A312B7AB}.Release|Any CPU.Build.0 = Release|Any CPU
		{0988432F-B769-4591-994A-732020C8249C}.Debug|Any CPU.ActiveCfg = Debug|Any CPU
		{0988432F-B769-4591-994A-732020C8249C}.Debug|Any CPU.Build.0 = Debug|Any CPU
		{0988432F-B769-4591-994A-732020C8249C}.Release|Any CPU.ActiveCfg = Release|Any CPU
		{0988432F-B769-4591-994A-732020C8249C}.Release|Any CPU.Build.0 = Release|Any CPU
		{B0D8B913-54AC-4749-8EB1-03D2E2CFBE07}.Debug|Any CPU.ActiveCfg = Debug|Any CPU
		{B0D8B913-54AC-4749-8EB1-03D2E2CFBE07}.Debug|Any CPU.Build.0 = Debug|Any CPU
		{B0D8B913-54AC-4749-8EB1-03D2E2CFBE07}.Release|Any CPU.ActiveCfg = Release|Any CPU
		{B0D8B913-54AC-4749-8EB1-03D2E2CFBE07}.Release|Any CPU.Build.0 = Release|Any CPU
		{E251BCF5-AC52-4962-B23E-D982FFA1707F}.Debug|Any CPU.ActiveCfg = Debug|Any CPU
		{E251BCF5-AC52-4962-B23E-D982FFA1707F}.Debug|Any CPU.Build.0 = Debug|Any CPU
		{E251BCF5-AC52-4962-B23E-D982FFA1707F}.Release|Any CPU.ActiveCfg = Release|Any CPU
		{E251BCF5-AC52-4962-B23E-D982FFA1707F}.Release|Any CPU.Build.0 = Release|Any CPU
		{0AE9A697-5BFC-4859-8DAA-4C322600C9AF}.Debug|Any CPU.ActiveCfg = Debug|Any CPU
		{0AE9A697-5BFC-4859-8DAA-4C322600C9AF}.Debug|Any CPU.Build.0 = Debug|Any CPU
		{0AE9A697-5BFC-4859-8DAA-4C322600C9AF}.Release|Any CPU.ActiveCfg = Release|Any CPU
		{0AE9A697-5BFC-4859-8DAA-4C322600C9AF}.Release|Any CPU.Build.0 = Release|Any CPU
	EndGlobalSection
	GlobalSection(SolutionProperties) = preSolution
		HideSolutionNode = FALSE
	EndGlobalSection
	GlobalSection(ExtensibilityGlobals) = postSolution
		SolutionGuid = {E1D0B878-8A4B-4192-A556-048AC6936D53}
	EndGlobalSection
EndGlobal
